
Microsoft Visual Studio Solution File, Format Version 12.00
# Visual Studio 15
VisualStudioVersion = 15.0.26228.12
MinimumVisualStudioVersion = 10.0.40219.1
Project("{FAE04EC0-301F-11D3-BF4B-00C04F79EFBC}") = "POCWebAppWithTests", "POCWebAppWithTests\POCWebAppWithTests.csproj", "{FCD1EDC8-214A-4121-88E4-1513BDBF51D4}"
EndProject
Project("{FAE04EC0-301F-11D3-BF4B-00C04F79EFBC}") = "POCWebAppWithTests.Tests", "POCWebAppWithTests.Tests\POCWebAppWithTests.Tests.csproj", "{3CA379EA-E0E9-4E9D-BE02-B4A36CCBDBAF}"
EndProject
Global
	GlobalSection(SolutionConfigurationPlatforms) = preSolution
		Debug|Any CPU = Debug|Any CPU
		Release|Any CPU = Release|Any CPU
	EndGlobalSection
	GlobalSection(ProjectConfigurationPlatforms) = postSolution
		{FCD1EDC8-214A-4121-88E4-1513BDBF51D4}.Debug|Any CPU.ActiveCfg = Debug|Any CPU
		{FCD1EDC8-214A-4121-88E4-1513BDBF51D4}.Debug|Any CPU.Build.0 = Debug|Any CPU
		{FCD1EDC8-214A-4121-88E4-1513BDBF51D4}.Release|Any CPU.ActiveCfg = Release|Any CPU
		{FCD1EDC8-214A-4121-88E4-1513BDBF51D4}.Release|Any CPU.Build.0 = Release|Any CPU
		{3CA379EA-E0E9-4E9D-BE02-B4A36CCBDBAF}.Debug|Any CPU.ActiveCfg = Debug|Any CPU
		{3CA379EA-E0E9-4E9D-BE02-B4A36CCBDBAF}.Debug|Any CPU.Build.0 = Debug|Any CPU
		{3CA379EA-E0E9-4E9D-BE02-B4A36CCBDBAF}.Release|Any CPU.ActiveCfg = Release|Any CPU
		{3CA379EA-E0E9-4E9D-BE02-B4A36CCBDBAF}.Release|Any CPU.Build.0 = Release|Any CPU
	EndGlobalSection
	GlobalSection(SolutionProperties) = preSolution
		HideSolutionNode = FALSE
	EndGlobalSection
EndGlobal
